
Microsoft Visual Studio Solution File, Format Version 12.00
# Visual Studio Version 17
VisualStudioVersion = 17.0.32014.148
MinimumVisualStudioVersion = 10.0.40219.1
Project("{2150E333-8FDC-42A3-9474-1A3956D46DE8}") = "Services", "Services", "{928407A3-802A-4BDC-8E09-5DE7EF03567C}"
EndProject
Project("{2150E333-8FDC-42A3-9474-1A3956D46DE8}") = "HolaCommon", "HolaCommon", "{3CCD06EF-29D1-4200-B116-31FB68593DD7}"
EndProject
Project("{2150E333-8FDC-42A3-9474-1A3956D46DE8}") = "HolaCore", "HolaCore", "{83AF78D3-5B1F-422F-9FC3-35540811410D}"
EndProject
Project("{2150E333-8FDC-42A3-9474-1A3956D46DE8}") = "ApiGateways", "ApiGateways", "{9CE6C4E8-A748-402F-8F5A-F223D4AA1EBC}"
EndProject
Project("{9A19103F-16F7-4668-BE54-9A1E7A4F7556}") = "HolaCore.API", "HolaCore.API\HolaCore.API.csproj", "{B0ABD089-ED17-40E6-801F-65F748A22007}"
EndProject
Project("{9A19103F-16F7-4668-BE54-9A1E7A4F7556}") = "HolaCore.Domain", "HolaCore.Domain\HolaCore.Domain.csproj", "{2D51177F-CC9D-4154-B5B8-ACE074ACE0E2}"
EndProject
Project("{9A19103F-16F7-4668-BE54-9A1E7A4F7556}") = "HolaCore.Infrastructure", "HolaCore.Infrastructure\HolaCore.Infrastructure.csproj", "{EE4935E9-3B16-4B7B-9E10-BB9C11C8F26B}"
EndProject
Project("{9A19103F-16F7-4668-BE54-9A1E7A4F7556}") = "HolaCommon.API", "HolaCommon.API\HolaCommon.API.csproj", "{38FD2812-2BC5-4F83-856D-E9431D66E4E7}"
EndProject
Project("{9A19103F-16F7-4668-BE54-9A1E7A4F7556}") = "HolaCommon.Domain", "HolaCommon.Domain\HolaCommon.Domain.csproj", "{69EF3B1E-935A-4804-AC75-EE2ECEF0FF7F}"
EndProject
Project("{9A19103F-16F7-4668-BE54-9A1E7A4F7556}") = "HolaCommon.Infrastructure", "HolaCommon.Infrastructure\HolaCommon.Infrastructure.csproj", "{9A1FF375-4690-4819-A37A-0C681675EA4A}"
EndProject
Project("{9A19103F-16F7-4668-BE54-9A1E7A4F7556}") = "OcelotApiGateways", "OcelotApiGateways\OcelotApiGateways.csproj", "{862A8934-51DA-4323-A346-8BB8BA71015B}"
EndProject
Project("{2150E333-8FDC-42A3-9474-1A3956D46DE8}") = "HolaMessage", "HolaMessage", "{7EDC363C-56B6-4E69-8834-D2C4D040E06B}"
EndProject
Project("{9A19103F-16F7-4668-BE54-9A1E7A4F7556}") = "HolaMessage.Domain", "HolaMessage.Domain\HolaMessage.Domain.csproj", "{B0C060CC-4272-40F8-B26B-CEAFCA8EBABC}"
EndProject
Project("{9A19103F-16F7-4668-BE54-9A1E7A4F7556}") = "HolaMessage.Infrastructure", "HolaMessage.Infrastructure\HolaMessage.Infrastructure.csproj", "{F9824D86-114B-4FE1-82C8-2027EB1470BA}"
EndProject
Project("{9A19103F-16F7-4668-BE54-9A1E7A4F7556}") = "HolaMessage.API", "HolaMessage.API\HolaMessage.API.csproj", "{33200684-4E84-4688-BE77-0BC9E991D326}"
EndProject
Project("{9A19103F-16F7-4668-BE54-9A1E7A4F7556}") = "HolapayAPI", "HolapayAPI\HolapayAPI.csproj", "{8AE18DED-2A9E-4B23-92D1-EA3716789FC2}"
EndProject
Project("{9A19103F-16F7-4668-BE54-9A1E7A4F7556}") = "Core", "Core\Core.csproj", "{0346B83F-12D5-488D-A12E-3A09BD7D7F69}"
EndProject
Project("{2150E333-8FDC-42A3-9474-1A3956D46DE8}") = "Solution Items", "Solution Items", "{F0551229-3557-4F02-8033-722E5766B0F5}"
EndProject
Project("{E53339B2-1760-4266-BCC7-CA923CBCF16C}") = "docker-compose", "docker-compose.dcproj", "{192FA611-BC4B-4C34-AE49-1855115A33A0}"
EndProject
Global
	GlobalSection(SolutionConfigurationPlatforms) = preSolution
		Debug|Any CPU = Debug|Any CPU
		Release|Any CPU = Release|Any CPU
	EndGlobalSection
	GlobalSection(ProjectConfigurationPlatforms) = postSolution
		{B0ABD089-ED17-40E6-801F-65F748A22007}.Debug|Any CPU.ActiveCfg = Debug|Any CPU
		{B0ABD089-ED17-40E6-801F-65F748A22007}.Debug|Any CPU.Build.0 = Debug|Any CPU
		{B0ABD089-ED17-40E6-801F-65F748A22007}.Release|Any CPU.ActiveCfg = Release|Any CPU
		{B0ABD089-ED17-40E6-801F-65F748A22007}.Release|Any CPU.Build.0 = Release|Any CPU
		{2D51177F-CC9D-4154-B5B8-ACE074ACE0E2}.Debug|Any CPU.ActiveCfg = Debug|Any CPU
		{2D51177F-CC9D-4154-B5B8-ACE074ACE0E2}.Debug|Any CPU.Build.0 = Debug|Any CPU
		{2D51177F-CC9D-4154-B5B8-ACE074ACE0E2}.Release|Any CPU.ActiveCfg = Release|Any CPU
		{2D51177F-CC9D-4154-B5B8-ACE074ACE0E2}.Release|Any CPU.Build.0 = Release|Any CPU
		{EE4935E9-3B16-4B7B-9E10-BB9C11C8F26B}.Debug|Any CPU.ActiveCfg = Debug|Any CPU
		{EE4935E9-3B16-4B7B-9E10-BB9C11C8F26B}.Debug|Any CPU.Build.0 = Debug|Any CPU
		{EE4935E9-3B16-4B7B-9E10-BB9C11C8F26B}.Release|Any CPU.ActiveCfg = Release|Any CPU
		{EE4935E9-3B16-4B7B-9E10-BB9C11C8F26B}.Release|Any CPU.Build.0 = Release|Any CPU
		{38FD2812-2BC5-4F83-856D-E9431D66E4E7}.Debug|Any CPU.ActiveCfg = Debug|Any CPU
		{38FD2812-2BC5-4F83-856D-E9431D66E4E7}.Debug|Any CPU.Build.0 = Debug|Any CPU
		{38FD2812-2BC5-4F83-856D-E9431D66E4E7}.Release|Any CPU.ActiveCfg = Release|Any CPU
		{38FD2812-2BC5-4F83-856D-E9431D66E4E7}.Release|Any CPU.Build.0 = Release|Any CPU
		{69EF3B1E-935A-4804-AC75-EE2ECEF0FF7F}.Debug|Any CPU.ActiveCfg = Debug|Any CPU
		{69EF3B1E-935A-4804-AC75-EE2ECEF0FF7F}.Debug|Any CPU.Build.0 = Debug|Any CPU
		{69EF3B1E-935A-4804-AC75-EE2ECEF0FF7F}.Release|Any CPU.ActiveCfg = Release|Any CPU
		{69EF3B1E-935A-4804-AC75-EE2ECEF0FF7F}.Release|Any CPU.Build.0 = Release|Any CPU
		{9A1FF375-4690-4819-A37A-0C681675EA4A}.Debug|Any CPU.ActiveCfg = Debug|Any CPU
		{9A1FF375-4690-4819-A37A-0C681675EA4A}.Debug|Any CPU.Build.0 = Debug|Any CPU
		{9A1FF375-4690-4819-A37A-0C681675EA4A}.Release|Any CPU.ActiveCfg = Release|Any CPU
		{9A1FF375-4690-4819-A37A-0C681675EA4A}.Release|Any CPU.Build.0 = Release|Any CPU
		{862A8934-51DA-4323-A346-8BB8BA71015B}.Debug|Any CPU.ActiveCfg = Debug|Any CPU
		{862A8934-51DA-4323-A346-8BB8BA71015B}.Debug|Any CPU.Build.0 = Debug|Any CPU
		{862A8934-51DA-4323-A346-8BB8BA71015B}.Release|Any CPU.ActiveCfg = Release|Any CPU
		{862A8934-51DA-4323-A346-8BB8BA71015B}.Release|Any CPU.Build.0 = Release|Any CPU
		{B0C060CC-4272-40F8-B26B-CEAFCA8EBABC}.Debug|Any CPU.ActiveCfg = Debug|Any CPU
		{B0C060CC-4272-40F8-B26B-CEAFCA8EBABC}.Debug|Any CPU.Build.0 = Debug|Any CPU
		{B0C060CC-4272-40F8-B26B-CEAFCA8EBABC}.Release|Any CPU.ActiveCfg = Release|Any CPU
		{B0C060CC-4272-40F8-B26B-CEAFCA8EBABC}.Release|Any CPU.Build.0 = Release|Any CPU
		{F9824D86-114B-4FE1-82C8-2027EB1470BA}.Debug|Any CPU.ActiveCfg = Debug|Any CPU
		{F9824D86-114B-4FE1-82C8-2027EB1470BA}.Debug|Any CPU.Build.0 = Debug|Any CPU
		{F9824D86-114B-4FE1-82C8-2027EB1470BA}.Release|Any CPU.ActiveCfg = Release|Any CPU
		{F9824D86-114B-4FE1-82C8-2027EB1470BA}.Release|Any CPU.Build.0 = Release|Any CPU
		{33200684-4E84-4688-BE77-0BC9E991D326}.Debug|Any CPU.ActiveCfg = Debug|Any CPU
		{33200684-4E84-4688-BE77-0BC9E991D326}.Debug|Any CPU.Build.0 = Debug|Any CPU
		{33200684-4E84-4688-BE77-0BC9E991D326}.Release|Any CPU.ActiveCfg = Release|Any CPU
		{33200684-4E84-4688-BE77-0BC9E991D326}.Release|Any CPU.Build.0 = Release|Any CPU
		{8AE18DED-2A9E-4B23-92D1-EA3716789FC2}.Debug|Any CPU.ActiveCfg = Debug|Any CPU
		{8AE18DED-2A9E-4B23-92D1-EA3716789FC2}.Debug|Any CPU.Build.0 = Debug|Any CPU
		{8AE18DED-2A9E-4B23-92D1-EA3716789FC2}.Release|Any CPU.ActiveCfg = Release|Any CPU
		{8AE18DED-2A9E-4B23-92D1-EA3716789FC2}.Release|Any CPU.Build.0 = Release|Any CPU
		{0346B83F-12D5-488D-A12E-3A09BD7D7F69}.Debug|Any CPU.ActiveCfg = Debug|Any CPU
		{0346B83F-12D5-488D-A12E-3A09BD7D7F69}.Debug|Any CPU.Build.0 = Debug|Any CPU
		{0346B83F-12D5-488D-A12E-3A09BD7D7F69}.Release|Any CPU.ActiveCfg = Release|Any CPU
		{0346B83F-12D5-488D-A12E-3A09BD7D7F69}.Release|Any CPU.Build.0 = Release|Any CPU
		{192FA611-BC4B-4C34-AE49-1855115A33A0}.Debug|Any CPU.ActiveCfg = Debug|Any CPU
		{192FA611-BC4B-4C34-AE49-1855115A33A0}.Debug|Any CPU.Build.0 = Debug|Any CPU
		{192FA611-BC4B-4C34-AE49-1855115A33A0}.Release|Any CPU.ActiveCfg = Release|Any CPU
		{192FA611-BC4B-4C34-AE49-1855115A33A0}.Release|Any CPU.Build.0 = Release|Any CPU
	EndGlobalSection
	GlobalSection(SolutionProperties) = preSolution
		HideSolutionNode = FALSE
	EndGlobalSection
	GlobalSection(NestedProjects) = preSolution
		{3CCD06EF-29D1-4200-B116-31FB68593DD7} = {928407A3-802A-4BDC-8E09-5DE7EF03567C}
		{83AF78D3-5B1F-422F-9FC3-35540811410D} = {928407A3-802A-4BDC-8E09-5DE7EF03567C}
		{B0ABD089-ED17-40E6-801F-65F748A22007} = {83AF78D3-5B1F-422F-9FC3-35540811410D}
		{2D51177F-CC9D-4154-B5B8-ACE074ACE0E2} = {83AF78D3-5B1F-422F-9FC3-35540811410D}
		{EE4935E9-3B16-4B7B-9E10-BB9C11C8F26B} = {83AF78D3-5B1F-422F-9FC3-35540811410D}
		{38FD2812-2BC5-4F83-856D-E9431D66E4E7} = {3CCD06EF-29D1-4200-B116-31FB68593DD7}
		{69EF3B1E-935A-4804-AC75-EE2ECEF0FF7F} = {3CCD06EF-29D1-4200-B116-31FB68593DD7}
		{9A1FF375-4690-4819-A37A-0C681675EA4A} = {3CCD06EF-29D1-4200-B116-31FB68593DD7}
		{862A8934-51DA-4323-A346-8BB8BA71015B} = {9CE6C4E8-A748-402F-8F5A-F223D4AA1EBC}
		{7EDC363C-56B6-4E69-8834-D2C4D040E06B} = {928407A3-802A-4BDC-8E09-5DE7EF03567C}
		{B0C060CC-4272-40F8-B26B-CEAFCA8EBABC} = {7EDC363C-56B6-4E69-8834-D2C4D040E06B}
		{F9824D86-114B-4FE1-82C8-2027EB1470BA} = {7EDC363C-56B6-4E69-8834-D2C4D040E06B}
		{33200684-4E84-4688-BE77-0BC9E991D326} = {7EDC363C-56B6-4E69-8834-D2C4D040E06B}
		{8AE18DED-2A9E-4B23-92D1-EA3716789FC2} = {9CE6C4E8-A748-402F-8F5A-F223D4AA1EBC}
	EndGlobalSection
	GlobalSection(ExtensibilityGlobals) = postSolution
		SolutionGuid = {E136CE44-44D3-4072-B6D5-307DF4040541}
	EndGlobalSection
EndGlobal
